
Microsoft Visual Studio Solution File, Format Version 12.00
# Visual Studio Version 16
VisualStudioVersion = 16.0.31205.134
MinimumVisualStudioVersion = 10.0.40219.1
Project("{FAE04EC0-301F-11D3-BF4B-00C04F79EFBC}") = "ConsoleApp2", "ConsoleApp2\ConsoleApp2.csproj", "{773368C8-5A1A-49A3-B520-BFC9A87975C6}"
EndProject
Global
	GlobalSection(SolutionConfigurationPlatforms) = preSolution
		Debug|Any CPU = Debug|Any CPU
		Release|Any CPU = Release|Any CPU
	EndGlobalSection
	GlobalSection(ProjectConfigurationPlatforms) = postSolution
		{773368C8-5A1A-49A3-B520-BFC9A87975C6}.Debug|Any CPU.ActiveCfg = Debug|Any CPU
		{773368C8-5A1A-49A3-B520-BFC9A87975C6}.Debug|Any CPU.Build.0 = Debug|Any CPU
		{773368C8-5A1A-49A3-B520-BFC9A87975C6}.Release|Any CPU.ActiveCfg = Release|Any CPU
		{773368C8-5A1A-49A3-B520-BFC9A87975C6}.Release|Any CPU.Build.0 = Release|Any CPU
	EndGlobalSection
	GlobalSection(SolutionProperties) = preSolution
		HideSolutionNode = FALSE
	EndGlobalSection
	GlobalSection(ExtensibilityGlobals) = postSolution
		SolutionGuid = {8010CD0D-3FF0-41F5-B4C0-7F115CCFBE2E}
	EndGlobalSection
EndGlobal
